{
  "requires": true,
  "lockfileVersion": 1,
  "dependencies": {
    "ngx-clipboard": {
      "version": "11.1.9",
      "resolved": "https://registry.npmjs.org/ngx-clipboard/-/ngx-clipboard-11.1.9.tgz",
      "integrity": "sha512-xF54Ibt/04g2B5SnYylNz7ESP1/thuC7odo+0bKkgbCC873NaqP1VTVx/umh/cnezlXKu8zuWNzzg05tvfgaJg==",
      "requires": {
        "ngx-window-token": "^1.0.2",
        "tslib": "^1.9.0"
      }
    },
    "ngx-material-timepicker": {
      "version": "2.9.0",
      "resolved": "https://registry.npmjs.org/ngx-material-timepicker/-/ngx-material-timepicker-2.9.0.tgz",
      "integrity": "sha1-9TVsHy1ZCVeLVyJXc01DS1TpbbI=",
      "requires": {
        "tslib": "^1.9.0"
      }
    },
    "ngx-window-token": {
      "version": "1.0.2",
      "resolved": "https://registry.npmjs.org/ngx-window-token/-/ngx-window-token-1.0.2.tgz",
      "integrity": "sha512-bFgvi7MYSK1p4b3Mqvn9+biXaO8QDEbpP2sEMSwr0Zgrwh6zCO3F92a6SIIzusqpZBAhxyfVSqj3mO5qIxlM5Q==",
      "requires": {
        "tslib": "^1.9.0"
      }
    },
    "tslib": {
      "version": "1.9.3",
      "resolved": "https://registry.npmjs.org/tslib/-/tslib-1.9.3.tgz",
      "integrity": "sha1-1+TdeSRdhUKMTX5IIqeZF5VMooY="
    }
  }
}
